// !$*UTF8*$!
{
	archiveVersion = 1;
	classes = {
	};
	objectVersion = 56;
	objects = {

/* Begin PBXBuildFile section */
		363AF29129D1EEDB0030B746 /* HideWhenNotActiveModifier.swift in Sources */ = {isa = PBXBuildFile; fileRef = 363AF29029D1EEDB0030B746 /* HideWhenNotActiveModifier.swift */; };
		3656CEBD29B6FCF000C64299 /* HDApp.swift in Sources */ = {isa = PBXBuildFile; fileRef = 3656CEBC29B6FCF000C64299 /* HDApp.swift */; };
		3656CEC129B6FCF100C64299 /* Assets.xcassets in Resources */ = {isa = PBXBuildFile; fileRef = 3656CEC029B6FCF100C64299 /* Assets.xcassets */; };
		3656CEC429B6FCF100C64299 /* Preview Assets.xcassets in Resources */ = {isa = PBXBuildFile; fileRef = 3656CEC329B6FCF100C64299 /* Preview Assets.xcassets */; };
		3656CED229B83F8400C64299 /* Network in Frameworks */ = {isa = PBXBuildFile; productRef = 3656CED129B83F8400C64299 /* Network */; };
		3656CED529B8429200C64299 /* ContentView.swift in Sources */ = {isa = PBXBuildFile; fileRef = 3656CED429B8429200C64299 /* ContentView.swift */; };
		3656CED729B842F500C64299 /* BoardsRowView.swift in Sources */ = {isa = PBXBuildFile; fileRef = 3656CED629B842F500C64299 /* BoardsRowView.swift */; };
		3656CED929B8448D00C64299 /* CatalogView.swift in Sources */ = {isa = PBXBuildFile; fileRef = 3656CED829B8448D00C64299 /* CatalogView.swift */; };
		3656CEDB29B848FD00C64299 /* CatalogRowView.swift in Sources */ = {isa = PBXBuildFile; fileRef = 3656CEDA29B848FD00C64299 /* CatalogRowView.swift */; };
		3656CEDD29B8498800C64299 /* ThreadView.swift in Sources */ = {isa = PBXBuildFile; fileRef = 3656CEDC29B8498800C64299 /* ThreadView.swift */; };
		3656CEDF29B84E7600C64299 /* ThreadRowView.swift in Sources */ = {isa = PBXBuildFile; fileRef = 3656CEDE29B84E7600C64299 /* ThreadRowView.swift */; };
		3656CEE129B84F1600C64299 /* PostView.swift in Sources */ = {isa = PBXBuildFile; fileRef = 3656CEE029B84F1600C64299 /* PostView.swift */; };
		3656CEE329B850D400C64299 /* ThumbnailView.swift in Sources */ = {isa = PBXBuildFile; fileRef = 3656CEE229B850D400C64299 /* ThumbnailView.swift */; };
		3656CEE529B853EF00C64299 /* ImageView.swift in Sources */ = {isa = PBXBuildFile; fileRef = 3656CEE429B853EF00C64299 /* ImageView.swift */; };
		3656CEEC29B85B7300C64299 /* SwiftSoup in Frameworks */ = {isa = PBXBuildFile; productRef = 3656CEEB29B85B7300C64299 /* SwiftSoup */; };
		3656CEEF29B971AC00C64299 /* Introspect in Frameworks */ = {isa = PBXBuildFile; productRef = 3656CEEE29B971AC00C64299 /* Introspect */; };
		3656CEF129B9730500C64299 /* ThreadViewPrefetcher.swift in Sources */ = {isa = PBXBuildFile; fileRef = 3656CEF029B9730500C64299 /* ThreadViewPrefetcher.swift */; };
		3656CEF729B984CF00C64299 /* Nuke in Frameworks */ = {isa = PBXBuildFile; productRef = 3656CEF629B984CF00C64299 /* Nuke */; };
		3656CEF929B984CF00C64299 /* NukeExtensions in Frameworks */ = {isa = PBXBuildFile; productRef = 3656CEF829B984CF00C64299 /* NukeExtensions */; };
		3656CEFB29B984CF00C64299 /* NukeUI in Frameworks */ = {isa = PBXBuildFile; productRef = 3656CEFA29B984CF00C64299 /* NukeUI */; };
		3656CEFD29B984CF00C64299 /* NukeVideo in Frameworks */ = {isa = PBXBuildFile; productRef = 3656CEFC29B984CF00C64299 /* NukeVideo */; };
		3668FA3429EC865B0004D521 /* Blackbird in Frameworks */ = {isa = PBXBuildFile; productRef = 3668FA3329EC865B0004D521 /* Blackbird */; };
		366B688F29B9B0C300B5BC0E /* CatalogViewPrefetcher.swift in Sources */ = {isa = PBXBuildFile; fileRef = 366B688E29B9B0C300B5BC0E /* CatalogViewPrefetcher.swift */; };
		366B689629BD30B300B5BC0E /* BoardsListView.swift in Sources */ = {isa = PBXBuildFile; fileRef = 366B689529BD30B300B5BC0E /* BoardsListView.swift */; };
		3691E80A29D92B6900BFE78F /* ThreadViewModel.swift in Sources */ = {isa = PBXBuildFile; fileRef = 3691E80929D92B6900BFE78F /* ThreadViewModel.swift */; };
		3691E80D29D9458500BFE78F /* PostURL.swift in Sources */ = {isa = PBXBuildFile; fileRef = 3691E80C29D9458500BFE78F /* PostURL.swift */; };
		3691E81129D9505200BFE78F /* CatalogViewModel.swift in Sources */ = {isa = PBXBuildFile; fileRef = 3691E81029D9505200BFE78F /* CatalogViewModel.swift */; };
		3691E81329D9538200BFE78F /* BoardsViewModel.swift in Sources */ = {isa = PBXBuildFile; fileRef = 3691E81229D9538200BFE78F /* BoardsViewModel.swift */; };
		3691E81529DB2B6B00BFE78F /* Post+search.swift in Sources */ = {isa = PBXBuildFile; fileRef = 3691E81429DB2B6B00BFE78F /* Post+search.swift */; };
		36C2025929EA760F0089F403 /* PlayButton.swift in Sources */ = {isa = PBXBuildFile; fileRef = 36C2025829EA760F0089F403 /* PlayButton.swift */; };
		36C2025B29EA76360089F403 /* MuteButton.swift in Sources */ = {isa = PBXBuildFile; fileRef = 36C2025A29EA76360089F403 /* MuteButton.swift */; };
		36EC2EF129C7EF990012F438 /* FourChan in Frameworks */ = {isa = PBXBuildFile; productRef = 36EC2EF029C7EF990012F438 /* FourChan */; };
		36EC2EF429C7F12A0012F438 /* HTMLString in Frameworks */ = {isa = PBXBuildFile; productRef = 36EC2EF329C7F12A0012F438 /* HTMLString */; };
		36EC2EF929C815FC0012F438 /* SwiftyGif in Frameworks */ = {isa = PBXBuildFile; productRef = 36EC2EF829C815FC0012F438 /* SwiftyGif */; };
		36EC2EFB29C816720012F438 /* AnimatedGIFView.swift in Sources */ = {isa = PBXBuildFile; fileRef = 36EC2EFA29C816720012F438 /* AnimatedGIFView.swift */; };
		36EC2EFE29C8295C0012F438 /* VLCView.swift in Sources */ = {isa = PBXBuildFile; fileRef = 36EC2EFD29C8295C0012F438 /* VLCView.swift */; };
		36EC2F0129C82C810012F438 /* VLCKitSPM in Frameworks */ = {isa = PBXBuildFile; productRef = 36EC2F0029C82C810012F438 /* VLCKitSPM */; };
/* End PBXBuildFile section */

/* Begin PBXFileReference section */
		363AF29029D1EEDB0030B746 /* HideWhenNotActiveModifier.swift */ = {isa = PBXFileReference; lastKnownFileType = sourcecode.swift; path = HideWhenNotActiveModifier.swift; sourceTree = "<group>"; };
		3656CEB929B6FCF000C64299 /* HD.app */ = {isa = PBXFileReference; explicitFileType = wrapper.application; includeInIndex = 0; path = HD.app; sourceTree = BUILT_PRODUCTS_DIR; };
		3656CEBC29B6FCF000C64299 /* HDApp.swift */ = {isa = PBXFileReference; lastKnownFileType = sourcecode.swift; path = HDApp.swift; sourceTree = "<group>"; };
		3656CEC029B6FCF100C64299 /* Assets.xcassets */ = {isa = PBXFileReference; lastKnownFileType = folder.assetcatalog; path = Assets.xcassets; sourceTree = "<group>"; };
		3656CEC329B6FCF100C64299 /* Preview Assets.xcassets */ = {isa = PBXFileReference; lastKnownFileType = folder.assetcatalog; path = "Preview Assets.xcassets"; sourceTree = "<group>"; };
		3656CECA29B6FD7F00C64299 /* Network */ = {isa = PBXFileReference; lastKnownFileType = wrapper; path = Network; sourceTree = "<group>"; };
		3656CED429B8429200C64299 /* ContentView.swift */ = {isa = PBXFileReference; lastKnownFileType = sourcecode.swift; path = ContentView.swift; sourceTree = "<group>"; };
		3656CED629B842F500C64299 /* BoardsRowView.swift */ = {isa = PBXFileReference; lastKnownFileType = sourcecode.swift; path = BoardsRowView.swift; sourceTree = "<group>"; };
		3656CED829B8448D00C64299 /* CatalogView.swift */ = {isa = PBXFileReference; lastKnownFileType = sourcecode.swift; path = CatalogView.swift; sourceTree = "<group>"; };
		3656CEDA29B848FD00C64299 /* CatalogRowView.swift */ = {isa = PBXFileReference; lastKnownFileType = sourcecode.swift; path = CatalogRowView.swift; sourceTree = "<group>"; };
		3656CEDC29B8498800C64299 /* ThreadView.swift */ = {isa = PBXFileReference; lastKnownFileType = sourcecode.swift; path = ThreadView.swift; sourceTree = "<group>"; };
		3656CEDE29B84E7600C64299 /* ThreadRowView.swift */ = {isa = PBXFileReference; lastKnownFileType = sourcecode.swift; path = ThreadRowView.swift; sourceTree = "<group>"; };
		3656CEE029B84F1600C64299 /* PostView.swift */ = {isa = PBXFileReference; lastKnownFileType = sourcecode.swift; path = PostView.swift; sourceTree = "<group>"; };
		3656CEE229B850D400C64299 /* ThumbnailView.swift */ = {isa = PBXFileReference; lastKnownFileType = sourcecode.swift; path = ThumbnailView.swift; sourceTree = "<group>"; };
		3656CEE429B853EF00C64299 /* ImageView.swift */ = {isa = PBXFileReference; lastKnownFileType = sourcecode.swift; path = ImageView.swift; sourceTree = "<group>"; };
		3656CEE629B8574D00C64299 /* README.md */ = {isa = PBXFileReference; lastKnownFileType = net.daringfireball.markdown; path = README.md; sourceTree = "<group>"; };
		3656CEF029B9730500C64299 /* ThreadViewPrefetcher.swift */ = {isa = PBXFileReference; lastKnownFileType = sourcecode.swift; path = ThreadViewPrefetcher.swift; sourceTree = "<group>"; };
		366B688E29B9B0C300B5BC0E /* CatalogViewPrefetcher.swift */ = {isa = PBXFileReference; lastKnownFileType = sourcecode.swift; path = CatalogViewPrefetcher.swift; sourceTree = "<group>"; };
		366B689529BD30B300B5BC0E /* BoardsListView.swift */ = {isa = PBXFileReference; lastKnownFileType = sourcecode.swift; path = BoardsListView.swift; sourceTree = "<group>"; };
		3691E80629D4895A00BFE78F /* LICENSE */ = {isa = PBXFileReference; lastKnownFileType = text; path = LICENSE; sourceTree = "<group>"; };
		3691E80729D496F300BFE78F /* README_images */ = {isa = PBXFileReference; lastKnownFileType = folder; path = README_images; sourceTree = "<group>"; };
		3691E80929D92B6900BFE78F /* ThreadViewModel.swift */ = {isa = PBXFileReference; lastKnownFileType = sourcecode.swift; path = ThreadViewModel.swift; sourceTree = "<group>"; };
		3691E80C29D9458500BFE78F /* PostURL.swift */ = {isa = PBXFileReference; lastKnownFileType = sourcecode.swift; path = PostURL.swift; sourceTree = "<group>"; };
		3691E81029D9505200BFE78F /* CatalogViewModel.swift */ = {isa = PBXFileReference; lastKnownFileType = sourcecode.swift; path = CatalogViewModel.swift; sourceTree = "<group>"; };
		3691E81229D9538200BFE78F /* BoardsViewModel.swift */ = {isa = PBXFileReference; lastKnownFileType = sourcecode.swift; path = BoardsViewModel.swift; sourceTree = "<group>"; };
		3691E81429DB2B6B00BFE78F /* Post+search.swift */ = {isa = PBXFileReference; lastKnownFileType = sourcecode.swift; path = "Post+search.swift"; sourceTree = "<group>"; };
		36C2025829EA760F0089F403 /* PlayButton.swift */ = {isa = PBXFileReference; lastKnownFileType = sourcecode.swift; path = PlayButton.swift; sourceTree = "<group>"; };
		36C2025A29EA76360089F403 /* MuteButton.swift */ = {isa = PBXFileReference; lastKnownFileType = sourcecode.swift; path = MuteButton.swift; sourceTree = "<group>"; };
		36EC2EFA29C816720012F438 /* AnimatedGIFView.swift */ = {isa = PBXFileReference; lastKnownFileType = sourcecode.swift; path = AnimatedGIFView.swift; sourceTree = "<group>"; };
		36EC2EFD29C8295C0012F438 /* VLCView.swift */ = {isa = PBXFileReference; lastKnownFileType = sourcecode.swift; path = VLCView.swift; sourceTree = "<group>"; };
/* End PBXFileReference section */

/* Begin PBXFrameworksBuildPhase section */
		3656CEB629B6FCF000C64299 /* Frameworks */ = {
			isa = PBXFrameworksBuildPhase;
			buildActionMask = 2147483647;
			files = (
				36EC2EF429C7F12A0012F438 /* HTMLString in Frameworks */,
				36EC2EF929C815FC0012F438 /* SwiftyGif in Frameworks */,
				36EC2EF129C7EF990012F438 /* FourChan in Frameworks */,
				3668FA3429EC865B0004D521 /* Blackbird in Frameworks */,
				3656CEFB29B984CF00C64299 /* NukeUI in Frameworks */,
				3656CEEF29B971AC00C64299 /* Introspect in Frameworks */,
				36EC2F0129C82C810012F438 /* VLCKitSPM in Frameworks */,
				3656CEFD29B984CF00C64299 /* NukeVideo in Frameworks */,
				3656CED229B83F8400C64299 /* Network in Frameworks */,
				3656CEEC29B85B7300C64299 /* SwiftSoup in Frameworks */,
				3656CEF729B984CF00C64299 /* Nuke in Frameworks */,
				3656CEF929B984CF00C64299 /* NukeExtensions in Frameworks */,
			);
			runOnlyForDeploymentPostprocessing = 0;
		};
/* End PBXFrameworksBuildPhase section */

/* Begin PBXGroup section */
		3656CEB029B6FCF000C64299 = {
			isa = PBXGroup;
			children = (
				3656CECE29B83F7F00C64299 /* Frameworks */,
				3656CEBB29B6FCF000C64299 /* HD */,
				3691E80629D4895A00BFE78F /* LICENSE */,
				36C1AA4B29B9A8F100EE817A /* Packages */,
				3656CEBA29B6FCF000C64299 /* Products */,
				3691E80729D496F300BFE78F /* README_images */,
				3656CEE629B8574D00C64299 /* README.md */,
			);
			sourceTree = "<group>";
		};
		3656CEBA29B6FCF000C64299 /* Products */ = {
			isa = PBXGroup;
			children = (
				3656CEB929B6FCF000C64299 /* HD.app */,
			);
			name = Products;
			sourceTree = "<group>";
		};
		3656CEBB29B6FCF000C64299 /* HD */ = {
			isa = PBXGroup;
			children = (
				3656CEBC29B6FCF000C64299 /* HDApp.swift */,
				3691E80B29D9456300BFE78F /* Misc */,
				3691E80829D92B4500BFE78F /* ViewModels */,
				3656CED329B8427700C64299 /* Views */,
				3656CEC029B6FCF100C64299 /* Assets.xcassets */,
				3656CEC229B6FCF100C64299 /* Preview Content */,
				366B688E29B9B0C300B5BC0E /* CatalogViewPrefetcher.swift */,
				3656CEF029B9730500C64299 /* ThreadViewPrefetcher.swift */,
			);
			path = HD;
			sourceTree = "<group>";
		};
		3656CEC229B6FCF100C64299 /* Preview Content */ = {
			isa = PBXGroup;
			children = (
				3656CEC329B6FCF100C64299 /* Preview Assets.xcassets */,
			);
			path = "Preview Content";
			sourceTree = "<group>";
		};
		3656CECE29B83F7F00C64299 /* Frameworks */ = {
			isa = PBXGroup;
			children = (
			);
			name = Frameworks;
			sourceTree = "<group>";
		};
		3656CED329B8427700C64299 /* Views */ = {
			isa = PBXGroup;
			children = (
				36EC2EFA29C816720012F438 /* AnimatedGIFView.swift */,
				366B689529BD30B300B5BC0E /* BoardsListView.swift */,
				3656CED629B842F500C64299 /* BoardsRowView.swift */,
				3656CEDA29B848FD00C64299 /* CatalogRowView.swift */,
				3656CED829B8448D00C64299 /* CatalogView.swift */,
				3656CED429B8429200C64299 /* ContentView.swift */,
				363AF29029D1EEDB0030B746 /* HideWhenNotActiveModifier.swift */,
				3656CEE429B853EF00C64299 /* ImageView.swift */,
				36C2025A29EA76360089F403 /* MuteButton.swift */,
				36C2025829EA760F0089F403 /* PlayButton.swift */,
				3656CEE029B84F1600C64299 /* PostView.swift */,
				3656CEDE29B84E7600C64299 /* ThreadRowView.swift */,
				3656CEDC29B8498800C64299 /* ThreadView.swift */,
				3656CEE229B850D400C64299 /* ThumbnailView.swift */,
				36EC2EFD29C8295C0012F438 /* VLCView.swift */,
			);
			path = Views;
			sourceTree = "<group>";
		};
		3691E80829D92B4500BFE78F /* ViewModels */ = {
			isa = PBXGroup;
			children = (
				3691E81029D9505200BFE78F /* CatalogViewModel.swift */,
				3691E80929D92B6900BFE78F /* ThreadViewModel.swift */,
				3691E81229D9538200BFE78F /* BoardsViewModel.swift */,
			);
			path = ViewModels;
			sourceTree = "<group>";
		};
		3691E80B29D9456300BFE78F /* Misc */ = {
			isa = PBXGroup;
			children = (
				3691E80C29D9458500BFE78F /* PostURL.swift */,
				3691E81429DB2B6B00BFE78F /* Post+search.swift */,
			);
			path = Misc;
			sourceTree = "<group>";
		};
		36C1AA4B29B9A8F100EE817A /* Packages */ = {
			isa = PBXGroup;
			children = (
				3656CECA29B6FD7F00C64299 /* Network */,
			);
			name = Packages;
			sourceTree = "<group>";
		};
/* End PBXGroup section */

/* Begin PBXNativeTarget section */
		3656CEB829B6FCF000C64299 /* HD */ = {
			isa = PBXNativeTarget;
			buildConfigurationList = 3656CEC729B6FCF100C64299 /* Build configuration list for PBXNativeTarget "HD" */;
			buildPhases = (
				3656CEB529B6FCF000C64299 /* Sources */,
				3656CEB629B6FCF000C64299 /* Frameworks */,
				3656CEB729B6FCF000C64299 /* Resources */,
			);
			buildRules = (
			);
			dependencies = (
			);
			name = HD;
			packageProductDependencies = (
				3656CED129B83F8400C64299 /* Network */,
				3656CEEB29B85B7300C64299 /* SwiftSoup */,
				3656CEEE29B971AC00C64299 /* Introspect */,
				3656CEF629B984CF00C64299 /* Nuke */,
				3656CEF829B984CF00C64299 /* NukeExtensions */,
				3656CEFA29B984CF00C64299 /* NukeUI */,
				3656CEFC29B984CF00C64299 /* NukeVideo */,
				36EC2EF029C7EF990012F438 /* FourChan */,
				36EC2EF329C7F12A0012F438 /* HTMLString */,
				36EC2EF829C815FC0012F438 /* SwiftyGif */,
				36EC2F0029C82C810012F438 /* VLCKitSPM */,
				3668FA3329EC865B0004D521 /* Blackbird */,
			);
			productName = HD;
			productReference = 3656CEB929B6FCF000C64299 /* HD.app */;
			productType = "com.apple.product-type.application";
		};
/* End PBXNativeTarget section */

/* Begin PBXProject section */
		3656CEB129B6FCF000C64299 /* Project object */ = {
			isa = PBXProject;
			attributes = {
				BuildIndependentTargetsInParallel = 1;
				LastSwiftUpdateCheck = 1420;
				LastUpgradeCheck = 1420;
				TargetAttributes = {
					3656CEB829B6FCF000C64299 = {
						CreatedOnToolsVersion = 14.2;
					};
				};
			};
			buildConfigurationList = 3656CEB429B6FCF000C64299 /* Build configuration list for PBXProject "HD" */;
			compatibilityVersion = "Xcode 14.0";
			developmentRegion = en;
			hasScannedForEncodings = 0;
			knownRegions = (
				en,
				Base,
			);
			mainGroup = 3656CEB029B6FCF000C64299;
			packageReferences = (
				3656CEEA29B85B7300C64299 /* XCRemoteSwiftPackageReference "SwiftSoup" */,
				3656CEED29B971AC00C64299 /* XCRemoteSwiftPackageReference "SwiftUI-Introspect" */,
				3656CEF529B984CF00C64299 /* XCRemoteSwiftPackageReference "Nuke" */,
				36EC2EEF29C7EF990012F438 /* XCRemoteSwiftPackageReference "FourChanAPI" */,
				36EC2EF229C7F12A0012F438 /* XCRemoteSwiftPackageReference "HTMLString" */,
				36EC2EF729C815FC0012F438 /* XCRemoteSwiftPackageReference "SwiftyGif" */,
				36EC2EFF29C82C810012F438 /* XCRemoteSwiftPackageReference "vlckit-spm" */,
				3668FA3229EC865B0004D521 /* XCRemoteSwiftPackageReference "Blackbird" */,
			);
			productRefGroup = 3656CEBA29B6FCF000C64299 /* Products */;
			projectDirPath = "";
			projectRoot = "";
			targets = (
				3656CEB829B6FCF000C64299 /* HD */,
			);
		};
/* End PBXProject section */

/* Begin PBXResourcesBuildPhase section */
		3656CEB729B6FCF000C64299 /* Resources */ = {
			isa = PBXResourcesBuildPhase;
			buildActionMask = 2147483647;
			files = (
				3656CEC429B6FCF100C64299 /* Preview Assets.xcassets in Resources */,
				3656CEC129B6FCF100C64299 /* Assets.xcassets in Resources */,
			);
			runOnlyForDeploymentPostprocessing = 0;
		};
/* End PBXResourcesBuildPhase section */

/* Begin PBXSourcesBuildPhase section */
		3656CEB529B6FCF000C64299 /* Sources */ = {
			isa = PBXSourcesBuildPhase;
			buildActionMask = 2147483647;
			files = (
				36C2025B29EA76360089F403 /* MuteButton.swift in Sources */,
				3656CED729B842F500C64299 /* BoardsRowView.swift in Sources */,
				3691E81129D9505200BFE78F /* CatalogViewModel.swift in Sources */,
				36EC2EFB29C816720012F438 /* AnimatedGIFView.swift in Sources */,
				3656CEDF29B84E7600C64299 /* ThreadRowView.swift in Sources */,
				36EC2EFE29C8295C0012F438 /* VLCView.swift in Sources */,
				36C2025929EA760F0089F403 /* PlayButton.swift in Sources */,
				3691E80A29D92B6900BFE78F /* ThreadViewModel.swift in Sources */,
				3656CED929B8448D00C64299 /* CatalogView.swift in Sources */,
				3656CEF129B9730500C64299 /* ThreadViewPrefetcher.swift in Sources */,
				3691E80D29D9458500BFE78F /* PostURL.swift in Sources */,
				363AF29129D1EEDB0030B746 /* HideWhenNotActiveModifier.swift in Sources */,
				366B688F29B9B0C300B5BC0E /* CatalogViewPrefetcher.swift in Sources */,
				3656CEE529B853EF00C64299 /* ImageView.swift in Sources */,
				3656CED529B8429200C64299 /* ContentView.swift in Sources */,
				3656CEDD29B8498800C64299 /* ThreadView.swift in Sources */,
				3691E81529DB2B6B00BFE78F /* Post+search.swift in Sources */,
				3656CEBD29B6FCF000C64299 /* HDApp.swift in Sources */,
				366B689629BD30B300B5BC0E /* BoardsListView.swift in Sources */,
				3656CEE329B850D400C64299 /* ThumbnailView.swift in Sources */,
				3656CEE129B84F1600C64299 /* PostView.swift in Sources */,
				3656CEDB29B848FD00C64299 /* CatalogRowView.swift in Sources */,
				3691E81329D9538200BFE78F /* BoardsViewModel.swift in Sources */,
			);
			runOnlyForDeploymentPostprocessing = 0;
		};
/* End PBXSourcesBuildPhase section */

/* Begin XCBuildConfiguration section */
		3656CEC529B6FCF100C64299 /* Debug */ = {
			isa = XCBuildConfiguration;
			buildSettings = {
				ALWAYS_SEARCH_USER_PATHS = NO;
				CLANG_ANALYZER_NONNULL = YES;
				CLANG_ANALYZER_NUMBER_OBJECT_CONVERSION = YES_AGGRESSIVE;
				CLANG_CXX_LANGUAGE_STANDARD = "gnu++20";
				CLANG_ENABLE_MODULES = YES;
				CLANG_ENABLE_OBJC_ARC = YES;
				CLANG_ENABLE_OBJC_WEAK = YES;
				CLANG_WARN_BLOCK_CAPTURE_AUTORELEASING = YES;
				CLANG_WARN_BOOL_CONVERSION = YES;
				CLANG_WARN_COMMA = YES;
				CLANG_WARN_CONSTANT_CONVERSION = YES;
				CLANG_WARN_DEPRECATED_OBJC_IMPLEMENTATIONS = YES;
				CLANG_WARN_DIRECT_OBJC_ISA_USAGE = YES_ERROR;
				CLANG_WARN_DOCUMENTATION_COMMENTS = YES;
				CLANG_WARN_EMPTY_BODY = YES;
				CLANG_WARN_ENUM_CONVERSION = YES;
				CLANG_WARN_INFINITE_RECURSION = YES;
				CLANG_WARN_INT_CONVERSION = YES;
				CLANG_WARN_NON_LITERAL_NULL_CONVERSION = YES;
				CLANG_WARN_OBJC_IMPLICIT_RETAIN_SELF = YES;
				CLANG_WARN_OBJC_LITERAL_CONVERSION = YES;
				CLANG_WARN_OBJC_ROOT_CLASS = YES_ERROR;
				CLANG_WARN_QUOTED_INCLUDE_IN_FRAMEWORK_HEADER = YES;
				CLANG_WARN_RANGE_LOOP_ANALYSIS = YES;
				CLANG_WARN_STRICT_PROTOTYPES = YES;
				CLANG_WARN_SUSPICIOUS_MOVE = YES;
				CLANG_WARN_UNGUARDED_AVAILABILITY = YES_AGGRESSIVE;
				CLANG_WARN_UNREACHABLE_CODE = YES;
				CLANG_WARN__DUPLICATE_METHOD_MATCH = YES;
				COPY_PHASE_STRIP = NO;
				DEBUG_INFORMATION_FORMAT = dwarf;
				ENABLE_STRICT_OBJC_MSGSEND = YES;
				ENABLE_TESTABILITY = YES;
				GCC_C_LANGUAGE_STANDARD = gnu11;
				GCC_DYNAMIC_NO_PIC = NO;
				GCC_NO_COMMON_BLOCKS = YES;
				GCC_OPTIMIZATION_LEVEL = 0;
				GCC_PREPROCESSOR_DEFINITIONS = (
					"DEBUG=1",
					"$(inherited)",
				);
				GCC_WARN_64_TO_32_BIT_CONVERSION = YES;
				GCC_WARN_ABOUT_RETURN_TYPE = YES_ERROR;
				GCC_WARN_UNDECLARED_SELECTOR = YES;
				GCC_WARN_UNINITIALIZED_AUTOS = YES_AGGRESSIVE;
				GCC_WARN_UNUSED_FUNCTION = YES;
				GCC_WARN_UNUSED_VARIABLE = YES;
				IPHONEOS_DEPLOYMENT_TARGET = 16.2;
				MTL_ENABLE_DEBUG_INFO = INCLUDE_SOURCE;
				MTL_FAST_MATH = YES;
				ONLY_ACTIVE_ARCH = YES;
				SDKROOT = iphoneos;
				SWIFT_ACTIVE_COMPILATION_CONDITIONS = DEBUG;
				SWIFT_OPTIMIZATION_LEVEL = "-Onone";
			};
			name = Debug;
		};
		3656CEC629B6FCF100C64299 /* Release */ = {
			isa = XCBuildConfiguration;
			buildSettings = {
				ALWAYS_SEARCH_USER_PATHS = NO;
				CLANG_ANALYZER_NONNULL = YES;
				CLANG_ANALYZER_NUMBER_OBJECT_CONVERSION = YES_AGGRESSIVE;
				CLANG_CXX_LANGUAGE_STANDARD = "gnu++20";
				CLANG_ENABLE_MODULES = YES;
				CLANG_ENABLE_OBJC_ARC = YES;
				CLANG_ENABLE_OBJC_WEAK = YES;
				CLANG_WARN_BLOCK_CAPTURE_AUTORELEASING = YES;
				CLANG_WARN_BOOL_CONVERSION = YES;
				CLANG_WARN_COMMA = YES;
				CLANG_WARN_CONSTANT_CONVERSION = YES;
				CLANG_WARN_DEPRECATED_OBJC_IMPLEMENTATIONS = YES;
				CLANG_WARN_DIRECT_OBJC_ISA_USAGE = YES_ERROR;
				CLANG_WARN_DOCUMENTATION_COMMENTS = YES;
				CLANG_WARN_EMPTY_BODY = YES;
				CLANG_WARN_ENUM_CONVERSION = YES;
				CLANG_WARN_INFINITE_RECURSION = YES;
				CLANG_WARN_INT_CONVERSION = YES;
				CLANG_WARN_NON_LITERAL_NULL_CONVERSION = YES;
				CLANG_WARN_OBJC_IMPLICIT_RETAIN_SELF = YES;
				CLANG_WARN_OBJC_LITERAL_CONVERSION = YES;
				CLANG_WARN_OBJC_ROOT_CLASS = YES_ERROR;
				CLANG_WARN_QUOTED_INCLUDE_IN_FRAMEWORK_HEADER = YES;
				CLANG_WARN_RANGE_LOOP_ANALYSIS = YES;
				CLANG_WARN_STRICT_PROTOTYPES = YES;
				CLANG_WARN_SUSPICIOUS_MOVE = YES;
				CLANG_WARN_UNGUARDED_AVAILABILITY = YES_AGGRESSIVE;
				CLANG_WARN_UNREACHABLE_CODE = YES;
				CLANG_WARN__DUPLICATE_METHOD_MATCH = YES;
				COPY_PHASE_STRIP = NO;
				DEBUG_INFORMATION_FORMAT = "dwarf-with-dsym";
				ENABLE_NS_ASSERTIONS = NO;
				ENABLE_STRICT_OBJC_MSGSEND = YES;
				GCC_C_LANGUAGE_STANDARD = gnu11;
				GCC_NO_COMMON_BLOCKS = YES;
				GCC_WARN_64_TO_32_BIT_CONVERSION = YES;
				GCC_WARN_ABOUT_RETURN_TYPE = YES_ERROR;
				GCC_WARN_UNDECLARED_SELECTOR = YES;
				GCC_WARN_UNINITIALIZED_AUTOS = YES_AGGRESSIVE;
				GCC_WARN_UNUSED_FUNCTION = YES;
				GCC_WARN_UNUSED_VARIABLE = YES;
				IPHONEOS_DEPLOYMENT_TARGET = 16.2;
				MTL_ENABLE_DEBUG_INFO = NO;
				MTL_FAST_MATH = YES;
				SDKROOT = iphoneos;
				SWIFT_COMPILATION_MODE = wholemodule;
				SWIFT_OPTIMIZATION_LEVEL = "-O";
				VALIDATE_PRODUCT = YES;
			};
			name = Release;
		};
		3656CEC829B6FCF100C64299 /* Debug */ = {
			isa = XCBuildConfiguration;
			buildSettings = {
				ASSETCATALOG_COMPILER_APPICON_NAME = AppIcon;
				ASSETCATALOG_COMPILER_GLOBAL_ACCENT_COLOR_NAME = AccentColor;
				CODE_SIGN_STYLE = Automatic;
				CURRENT_PROJECT_VERSION = 1;
				DEVELOPMENT_ASSET_PATHS = "\"HD/Preview Content\"";
				DEVELOPMENT_TEAM = 9485HHLYPW;
				ENABLE_PREVIEWS = YES;
				GENERATE_INFOPLIST_FILE = YES;
				INFOPLIST_KEY_UIApplicationSceneManifest_Generation = YES;
				INFOPLIST_KEY_UIApplicationSupportsIndirectInputEvents = YES;
				INFOPLIST_KEY_UILaunchScreen_Generation = YES;
				INFOPLIST_KEY_UISupportedInterfaceOrientations_iPad = "UIInterfaceOrientationPortrait UIInterfaceOrientationPortraitUpsideDown UIInterfaceOrientationLandscapeLeft UIInterfaceOrientationLandscapeRight";
				INFOPLIST_KEY_UISupportedInterfaceOrientations_iPhone = "UIInterfaceOrientationPortrait UIInterfaceOrientationLandscapeLeft UIInterfaceOrientationLandscapeRight";
				LD_RUNPATH_SEARCH_PATHS = (
					"$(inherited)",
					"@executable_path/Frameworks",
				);
				MARKETING_VERSION = 1.0;
				PRODUCT_BUNDLE_IDENTIFIER = com.palevichchenindustries.HD;
				PRODUCT_NAME = "$(TARGET_NAME)";
				SWIFT_EMIT_LOC_STRINGS = YES;
				SWIFT_VERSION = 5.0;
				TARGETED_DEVICE_FAMILY = "1,2";
			};
			name = Debug;
		};
		3656CEC929B6FCF100C64299 /* Release */ = {
			isa = XCBuildConfiguration;
			buildSettings = {
				ASSETCATALOG_COMPILER_APPICON_NAME = AppIcon;
				ASSETCATALOG_COMPILER_GLOBAL_ACCENT_COLOR_NAME = AccentColor;
				CODE_SIGN_STYLE = Automatic;
				CURRENT_PROJECT_VERSION = 1;
				DEVELOPMENT_ASSET_PATHS = "\"HD/Preview Content\"";
				DEVELOPMENT_TEAM = 9485HHLYPW;
				ENABLE_PREVIEWS = YES;
				GENERATE_INFOPLIST_FILE = YES;
				INFOPLIST_KEY_UIApplicationSceneManifest_Generation = YES;
				INFOPLIST_KEY_UIApplicationSupportsIndirectInputEvents = YES;
				INFOPLIST_KEY_UILaunchScreen_Generation = YES;
				INFOPLIST_KEY_UISupportedInterfaceOrientations_iPad = "UIInterfaceOrientationPortrait UIInterfaceOrientationPortraitUpsideDown UIInterfaceOrientationLandscapeLeft UIInterfaceOrientationLandscapeRight";
				INFOPLIST_KEY_UISupportedInterfaceOrientations_iPhone = "UIInterfaceOrientationPortrait UIInterfaceOrientationLandscapeLeft UIInterfaceOrientationLandscapeRight";
				LD_RUNPATH_SEARCH_PATHS = (
					"$(inherited)",
					"@executable_path/Frameworks",
				);
				MARKETING_VERSION = 1.0;
				PRODUCT_BUNDLE_IDENTIFIER = com.palevichchenindustries.HD;
				PRODUCT_NAME = "$(TARGET_NAME)";
				SWIFT_EMIT_LOC_STRINGS = YES;
				SWIFT_VERSION = 5.0;
				TARGETED_DEVICE_FAMILY = "1,2";
			};
			name = Release;
		};
/* End XCBuildConfiguration section */

/* Begin XCConfigurationList section */
		3656CEB429B6FCF000C64299 /* Build configuration list for PBXProject "HD" */ = {
			isa = XCConfigurationList;
			buildConfigurations = (
				3656CEC529B6FCF100C64299 /* Debug */,
				3656CEC629B6FCF100C64299 /* Release */,
			);
			defaultConfigurationIsVisible = 0;
			defaultConfigurationName = Release;
		};
		3656CEC729B6FCF100C64299 /* Build configuration list for PBXNativeTarget "HD" */ = {
			isa = XCConfigurationList;
			buildConfigurations = (
				3656CEC829B6FCF100C64299 /* Debug */,
				3656CEC929B6FCF100C64299 /* Release */,
			);
			defaultConfigurationIsVisible = 0;
			defaultConfigurationName = Release;
		};
/* End XCConfigurationList section */

/* Begin XCRemoteSwiftPackageReference section */
		3656CEEA29B85B7300C64299 /* XCRemoteSwiftPackageReference "SwiftSoup" */ = {
			isa = XCRemoteSwiftPackageReference;
			repositoryURL = "https://github.com/scinfu/SwiftSoup";
			requirement = {
				kind = upToNextMajorVersion;
				minimumVersion = 2.0.0;
			};
		};
		3656CEED29B971AC00C64299 /* XCRemoteSwiftPackageReference "SwiftUI-Introspect" */ = {
			isa = XCRemoteSwiftPackageReference;
			repositoryURL = "https://github.com/siteline/SwiftUI-Introspect.git";
			requirement = {
				kind = upToNextMajorVersion;
				minimumVersion = 0.2.3;
			};
		};
		3656CEF529B984CF00C64299 /* XCRemoteSwiftPackageReference "Nuke" */ = {
			isa = XCRemoteSwiftPackageReference;
			repositoryURL = "https://github.com/kean/Nuke";
			requirement = {
				branch = main;
				kind = branch;
			};
		};
		3668FA3229EC865B0004D521 /* XCRemoteSwiftPackageReference "Blackbird" */ = {
			isa = XCRemoteSwiftPackageReference;
			repositoryURL = "https://github.com/marcoarment/Blackbird";
			requirement = {
				branch = main;
				kind = branch;
			};
		};
		36EC2EEF29C7EF990012F438 /* XCRemoteSwiftPackageReference "FourChanAPI" */ = {
			isa = XCRemoteSwiftPackageReference;
			repositoryURL = "https://github.com/jackpal/FourChanAPI";
			requirement = {
				kind = upToNextMajorVersion;
				minimumVersion = 3.0.0;
			};
		};
		36EC2EF229C7F12A0012F438 /* XCRemoteSwiftPackageReference "HTMLString" */ = {
			isa = XCRemoteSwiftPackageReference;
			repositoryURL = "https://github.com/jackpal/HTMLString";
			requirement = {
				kind = upToNextMajorVersion;
				minimumVersion = 1.0.0;
			};
		};
		36EC2EF729C815FC0012F438 /* XCRemoteSwiftPackageReference "SwiftyGif" */ = {
			isa = XCRemoteSwiftPackageReference;
			repositoryURL = "https://github.com/kirualex/SwiftyGif.git";
			requirement = {
				kind = upToNextMajorVersion;
				minimumVersion = 5.0.0;
			};
		};
		36EC2EFF29C82C810012F438 /* XCRemoteSwiftPackageReference "vlckit-spm" */ = {
			isa = XCRemoteSwiftPackageReference;
			repositoryURL = "git@github.com:jackpal/vlckit-spm.git";
			requirement = {
				kind = upToNextMajorVersion;
				minimumVersion = 3.0.0;
			};
		};
/* End XCRemoteSwiftPackageReference section */

/* Begin XCSwiftPackageProductDependency section */
		3656CED129B83F8400C64299 /* Network */ = {
			isa = XCSwiftPackageProductDependency;
			productName = Network;
		};
		3656CEEB29B85B7300C64299 /* SwiftSoup */ = {
			isa = XCSwiftPackageProductDependency;
			package = 3656CEEA29B85B7300C64299 /* XCRemoteSwiftPackageReference "SwiftSoup" */;
			productName = SwiftSoup;
		};
		3656CEEE29B971AC00C64299 /* Introspect */ = {
			isa = XCSwiftPackageProductDependency;
			package = 3656CEED29B971AC00C64299 /* XCRemoteSwiftPackageReference "SwiftUI-Introspect" */;
			productName = Introspect;
		};
		3656CEF629B984CF00C64299 /* Nuke */ = {
			isa = XCSwiftPackageProductDependency;
			package = 3656CEF529B984CF00C64299 /* XCRemoteSwiftPackageReference "Nuke" */;
			productName = Nuke;
		};
		3656CEF829B984CF00C64299 /* NukeExtensions */ = {
			isa = XCSwiftPackageProductDependency;
			package = 3656CEF529B984CF00C64299 /* XCRemoteSwiftPackageReference "Nuke" */;
			productName = NukeExtensions;
		};
		3656CEFA29B984CF00C64299 /* NukeUI */ = {
			isa = XCSwiftPackageProductDependency;
			package = 3656CEF529B984CF00C64299 /* XCRemoteSwiftPackageReference "Nuke" */;
			productName = NukeUI;
		};
		3656CEFC29B984CF00C64299 /* NukeVideo */ = {
			isa = XCSwiftPackageProductDependency;
			package = 3656CEF529B984CF00C64299 /* XCRemoteSwiftPackageReference "Nuke" */;
			productName = NukeVideo;
		};
		3668FA3329EC865B0004D521 /* Blackbird */ = {
			isa = XCSwiftPackageProductDependency;
			package = 3668FA3229EC865B0004D521 /* XCRemoteSwiftPackageReference "Blackbird" */;
			productName = Blackbird;
		};
		36EC2EF029C7EF990012F438 /* FourChan */ = {
			isa = XCSwiftPackageProductDependency;
			package = 36EC2EEF29C7EF990012F438 /* XCRemoteSwiftPackageReference "FourChanAPI" */;
			productName = FourChan;
		};
		36EC2EF329C7F12A0012F438 /* HTMLString */ = {
			isa = XCSwiftPackageProductDependency;
			package = 36EC2EF229C7F12A0012F438 /* XCRemoteSwiftPackageReference "HTMLString" */;
			productName = HTMLString;
		};
		36EC2EF829C815FC0012F438 /* SwiftyGif */ = {
			isa = XCSwiftPackageProductDependency;
			package = 36EC2EF729C815FC0012F438 /* XCRemoteSwiftPackageReference "SwiftyGif" */;
			productName = SwiftyGif;
		};
		36EC2F0029C82C810012F438 /* VLCKitSPM */ = {
			isa = XCSwiftPackageProductDependency;
			package = 36EC2EFF29C82C810012F438 /* XCRemoteSwiftPackageReference "vlckit-spm" */;
			productName = VLCKitSPM;
		};
/* End XCSwiftPackageProductDependency section */
	};
	rootObject = 3656CEB129B6FCF000C64299 /* Project object */;
}
